
Microsoft Visual Studio Solution File, Format Version 12.00
# Visual Studio 15
VisualStudioVersion = 15.0.28307.106
MinimumVisualStudioVersion = 10.0.40219.1
Project("{FAE04EC0-301F-11D3-BF4B-00C04F79EFBC}") = "RetroSprzety - v6", "RetroSprzety - v6\RetroSprzety - v6.csproj", "{0AD0DC62-FC76-4B15-9F39-6AB2E3705685}"
EndProject
Global
	GlobalSection(SolutionConfigurationPlatforms) = preSolution
		Debug|Any CPU = Debug|Any CPU
		Release|Any CPU = Release|Any CPU
	EndGlobalSection
	GlobalSection(ProjectConfigurationPlatforms) = postSolution
		{0AD0DC62-FC76-4B15-9F39-6AB2E3705685}.Debug|Any CPU.ActiveCfg = Debug|Any CPU
		{0AD0DC62-FC76-4B15-9F39-6AB2E3705685}.Debug|Any CPU.Build.0 = Debug|Any CPU
		{0AD0DC62-FC76-4B15-9F39-6AB2E3705685}.Release|Any CPU.ActiveCfg = Release|Any CPU
		{0AD0DC62-FC76-4B15-9F39-6AB2E3705685}.Release|Any CPU.Build.0 = Release|Any CPU
	EndGlobalSection
	GlobalSection(SolutionProperties) = preSolution
		HideSolutionNode = FALSE
	EndGlobalSection
	GlobalSection(ExtensibilityGlobals) = postSolution
		SolutionGuid = {FF96691D-C9A0-4597-8A5D-6DC47428DAA3}
	EndGlobalSection
EndGlobal
